
Microsoft Visual Studio Solution File, Format Version 12.00
# Visual Studio Version 17
VisualStudioVersion = 17.5.002.0
MinimumVisualStudioVersion = 10.0.40219.1
Project("{9A19103F-16F7-4668-BE54-9A1E7A4F7556}") = "Tests.Integration", "Tests.Integration.csproj", "{88024CE2-694E-45DA-BD94-8A460707E9D5}"
EndProject
Global
	GlobalSection(SolutionConfigurationPlatforms) = preSolution
		Debug|Any CPU = Debug|Any CPU
		Release|Any CPU = Release|Any CPU
	EndGlobalSection
	GlobalSection(ProjectConfigurationPlatforms) = postSolution
		{88024CE2-694E-45DA-BD94-8A460707E9D5}.Debug|Any CPU.ActiveCfg = Debug|Any CPU
		{88024CE2-694E-45DA-BD94-8A460707E9D5}.Debug|Any CPU.Build.0 = Debug|Any CPU
		{88024CE2-694E-45DA-BD94-8A460707E9D5}.Release|Any CPU.ActiveCfg = Release|Any CPU
		{88024CE2-694E-45DA-BD94-8A460707E9D5}.Release|Any CPU.Build.0 = Release|Any CPU
	EndGlobalSection
	GlobalSection(SolutionProperties) = preSolution
		HideSolutionNode = FALSE
	EndGlobalSection
	GlobalSection(ExtensibilityGlobals) = postSolution
		SolutionGuid = {151F79E6-4737-4BEE-ACF1-3028BF8E0EE7}
	EndGlobalSection
EndGlobal
